
Microsoft Visual Studio Solution File, Format Version 12.00
# Visual Studio Version 16
VisualStudioVersion = 16.0.30517.126
MinimumVisualStudioVersion = 10.0.40219.1
Project("{FAE04EC0-301F-11D3-BF4B-00C04F79EFBC}") = "Demo1", "Demo1.csproj", "{8D20F9BA-D4CF-48B1-8647-30EA63DD4209}"
EndProject
Global
	GlobalSection(SolutionConfigurationPlatforms) = preSolution
		Debug|Any CPU = Debug|Any CPU
		Release|Any CPU = Release|Any CPU
	EndGlobalSection
	GlobalSection(ProjectConfigurationPlatforms) = postSolution
		{8D20F9BA-D4CF-48B1-8647-30EA63DD4209}.Debug|Any CPU.ActiveCfg = Debug|Any CPU
		{8D20F9BA-D4CF-48B1-8647-30EA63DD4209}.Debug|Any CPU.Build.0 = Debug|Any CPU
		{8D20F9BA-D4CF-48B1-8647-30EA63DD4209}.Release|Any CPU.ActiveCfg = Release|Any CPU
		{8D20F9BA-D4CF-48B1-8647-30EA63DD4209}.Release|Any CPU.Build.0 = Release|Any CPU
	EndGlobalSection
	GlobalSection(SolutionProperties) = preSolution
		HideSolutionNode = FALSE
	EndGlobalSection
	GlobalSection(ExtensibilityGlobals) = postSolution
		SolutionGuid = {3FD41E7D-F309-4D6A-8FA1-D612A933BF22}
	EndGlobalSection
EndGlobal
